
Microsoft Visual Studio Solution File, Format Version 12.00
# Visual Studio Version 17
VisualStudioVersion = 17.5.002.0
MinimumVisualStudioVersion = 10.0.40219.1
Project("{9A19103F-16F7-4668-BE54-9A1E7A4F7556}") = "TelegramBot", "TelegramBot\TelegramBot.csproj", "{9AE93DD6-74AD-4552-A64E-6DE8C6E4A731}"
EndProject
Global
	GlobalSection(SolutionConfigurationPlatforms) = preSolution
		Debug|Any CPU = Debug|Any CPU
		Release|Any CPU = Release|Any CPU
	EndGlobalSection
	GlobalSection(ProjectConfigurationPlatforms) = postSolution
		{9AE93DD6-74AD-4552-A64E-6DE8C6E4A731}.Debug|Any CPU.ActiveCfg = Debug|Any CPU
		{9AE93DD6-74AD-4552-A64E-6DE8C6E4A731}.Debug|Any CPU.Build.0 = Debug|Any CPU
		{9AE93DD6-74AD-4552-A64E-6DE8C6E4A731}.Release|Any CPU.ActiveCfg = Release|Any CPU
		{9AE93DD6-74AD-4552-A64E-6DE8C6E4A731}.Release|Any CPU.Build.0 = Release|Any CPU
	EndGlobalSection
	GlobalSection(SolutionProperties) = preSolution
		HideSolutionNode = FALSE
	EndGlobalSection
	GlobalSection(ExtensibilityGlobals) = postSolution
		SolutionGuid = {9E349D2E-C30E-4DAC-BDD9-515B473D0F09}
	EndGlobalSection
EndGlobal
